
Microsoft Visual Studio Solution File, Format Version 12.00
# Visual Studio Version 17
VisualStudioVersion = 17.10.35004.147
MinimumVisualStudioVersion = 10.0.40219.1
Project("{8BC9CEB8-8B4A-11D0-8D11-00A0C91BC942}") = "Pong", "Pong\Pong.vcxproj", "{391B4459-81B1-4395-8CA5-91B1BF45110D}"
EndProject
Global
	GlobalSection(SolutionConfigurationPlatforms) = preSolution
		Debug|x64 = Debug|x64
		Debug|x86 = Debug|x86
		Release|x64 = Release|x64
		Release|x86 = Release|x86
	EndGlobalSection
	GlobalSection(ProjectConfigurationPlatforms) = postSolution
		{391B4459-81B1-4395-8CA5-91B1BF45110D}.Debug|x64.ActiveCfg = Debug|x64
		{391B4459-81B1-4395-8CA5-91B1BF45110D}.Debug|x64.Build.0 = Debug|x64
		{391B4459-81B1-4395-8CA5-91B1BF45110D}.Debug|x86.ActiveCfg = Debug|Win32
		{391B4459-81B1-4395-8CA5-91B1BF45110D}.Debug|x86.Build.0 = Debug|Win32
		{391B4459-81B1-4395-8CA5-91B1BF45110D}.Release|x64.ActiveCfg = Release|x64
		{391B4459-81B1-4395-8CA5-91B1BF45110D}.Release|x64.Build.0 = Release|x64
		{391B4459-81B1-4395-8CA5-91B1BF45110D}.Release|x86.ActiveCfg = Release|Win32
		{391B4459-81B1-4395-8CA5-91B1BF45110D}.Release|x86.Build.0 = Release|Win32
	EndGlobalSection
	GlobalSection(SolutionProperties) = preSolution
		HideSolutionNode = FALSE
	EndGlobalSection
	GlobalSection(ExtensibilityGlobals) = postSolution
		SolutionGuid = {9EC16057-261D-43DE-8E4B-114FCBC0892F}
	EndGlobalSection
EndGlobal
